
Microsoft Visual Studio Solution File, Format Version 12.00
# Visual Studio Version 17
VisualStudioVersion = 17.0.32126.317
MinimumVisualStudioVersion = 10.0.40219.1
Project("{FAE04EC0-301F-11D3-BF4B-00C04F79EFBC}") = "Labwork3Sample", "Labwork3Sample\Labwork3Sample.csproj", "{ED165C7F-FB01-4E54-8E3D-82790E36DA4D}"
EndProject
Global
	GlobalSection(SolutionConfigurationPlatforms) = preSolution
		Debug|Any CPU = Debug|Any CPU
		Release|Any CPU = Release|Any CPU
	EndGlobalSection
	GlobalSection(ProjectConfigurationPlatforms) = postSolution
		{ED165C7F-FB01-4E54-8E3D-82790E36DA4D}.Debug|Any CPU.ActiveCfg = Debug|Any CPU
		{ED165C7F-FB01-4E54-8E3D-82790E36DA4D}.Debug|Any CPU.Build.0 = Debug|Any CPU
		{ED165C7F-FB01-4E54-8E3D-82790E36DA4D}.Release|Any CPU.ActiveCfg = Release|Any CPU
		{ED165C7F-FB01-4E54-8E3D-82790E36DA4D}.Release|Any CPU.Build.0 = Release|Any CPU
	EndGlobalSection
	GlobalSection(SolutionProperties) = preSolution
		HideSolutionNode = FALSE
	EndGlobalSection
	GlobalSection(ExtensibilityGlobals) = postSolution
		SolutionGuid = {B282A27B-0C77-4E66-BD55-67CCBDEC9846}
	EndGlobalSection
EndGlobal
